
Microsoft Visual Studio Solution File, Format Version 12.00
# Visual Studio Version 17
VisualStudioVersion = 17.1.32210.238
MinimumVisualStudioVersion = 10.0.40219.1
Project("{FAE04EC0-301F-11D3-BF4B-00C04F79EFBC}") = "Template.CleanArchitecture.WebApi", "Template.CleanArchitecture\Template.CleanArchitecture.WebApi.csproj", "{0335F281-2966-422D-BA9F-426AE5175D86}"
EndProject
Project("{FAE04EC0-301F-11D3-BF4B-00C04F79EFBC}") = "Template.CleanArchitecture.Application", "Template.CleanArchitecture.Application\Template.CleanArchitecture.Application.csproj", "{E3E6DEF1-56FB-4EEE-80EC-F1017E2A514E}"
EndProject
Project("{FAE04EC0-301F-11D3-BF4B-00C04F79EFBC}") = "Template.CleanArchitecture.Core", "Template.CleanArchitecture.Core\Template.CleanArchitecture.Core.csproj", "{35C78687-A61A-4D3A-9EDA-E577C0E13ECE}"
EndProject
Project("{FAE04EC0-301F-11D3-BF4B-00C04F79EFBC}") = "Template.CleanArchitecture.Infrastructure", "Template.CleanArchitecture.Infrastructure\Template.CleanArchitecture.Infrastructure.csproj", "{D72FBF9A-133C-4C0F-AF6A-3CC3C776A52B}"
EndProject
Global
	GlobalSection(SolutionConfigurationPlatforms) = preSolution
		Debug|Any CPU = Debug|Any CPU
		Release|Any CPU = Release|Any CPU
	EndGlobalSection
	GlobalSection(ProjectConfigurationPlatforms) = postSolution
		{0335F281-2966-422D-BA9F-426AE5175D86}.Debug|Any CPU.ActiveCfg = Debug|Any CPU
		{0335F281-2966-422D-BA9F-426AE5175D86}.Debug|Any CPU.Build.0 = Debug|Any CPU
		{0335F281-2966-422D-BA9F-426AE5175D86}.Release|Any CPU.ActiveCfg = Release|Any CPU
		{0335F281-2966-422D-BA9F-426AE5175D86}.Release|Any CPU.Build.0 = Release|Any CPU
		{E3E6DEF1-56FB-4EEE-80EC-F1017E2A514E}.Debug|Any CPU.ActiveCfg = Debug|Any CPU
		{E3E6DEF1-56FB-4EEE-80EC-F1017E2A514E}.Debug|Any CPU.Build.0 = Debug|Any CPU
		{E3E6DEF1-56FB-4EEE-80EC-F1017E2A514E}.Release|Any CPU.ActiveCfg = Release|Any CPU
		{E3E6DEF1-56FB-4EEE-80EC-F1017E2A514E}.Release|Any CPU.Build.0 = Release|Any CPU
		{35C78687-A61A-4D3A-9EDA-E577C0E13ECE}.Debug|Any CPU.ActiveCfg = Debug|Any CPU
		{35C78687-A61A-4D3A-9EDA-E577C0E13ECE}.Debug|Any CPU.Build.0 = Debug|Any CPU
		{35C78687-A61A-4D3A-9EDA-E577C0E13ECE}.Release|Any CPU.ActiveCfg = Release|Any CPU
		{35C78687-A61A-4D3A-9EDA-E577C0E13ECE}.Release|Any CPU.Build.0 = Release|Any CPU
		{D72FBF9A-133C-4C0F-AF6A-3CC3C776A52B}.Debug|Any CPU.ActiveCfg = Debug|Any CPU
		{D72FBF9A-133C-4C0F-AF6A-3CC3C776A52B}.Debug|Any CPU.Build.0 = Debug|Any CPU
		{D72FBF9A-133C-4C0F-AF6A-3CC3C776A52B}.Release|Any CPU.ActiveCfg = Release|Any CPU
		{D72FBF9A-133C-4C0F-AF6A-3CC3C776A52B}.Release|Any CPU.Build.0 = Release|Any CPU
	EndGlobalSection
	GlobalSection(SolutionProperties) = preSolution
		HideSolutionNode = FALSE
	EndGlobalSection
	GlobalSection(ExtensibilityGlobals) = postSolution
		SolutionGuid = {88D5D1F7-732F-4C70-BC81-2DB2D85D13E5}
	EndGlobalSection
EndGlobal
